
Microsoft Visual Studio Solution File, Format Version 12.00
# Visual Studio 15
VisualStudioVersion = 15.0.26730.12
MinimumVisualStudioVersion = 10.0.40219.1
Project("{FAE04EC0-301F-11D3-BF4B-00C04F79EFBC}") = "GoRogue-Demo", "GoRogue-Demo.csproj", "{AB2BC3B4-A354-4C83-810C-F22C713A45EE}"
EndProject
Global
	GlobalSection(SolutionConfigurationPlatforms) = preSolution
		Debug|Any CPU = Debug|Any CPU
		Release|Any CPU = Release|Any CPU
	EndGlobalSection
	GlobalSection(ProjectConfigurationPlatforms) = postSolution
		{AB2BC3B4-A354-4C83-810C-F22C713A45EE}.Debug|Any CPU.ActiveCfg = Debug|Any CPU
		{AB2BC3B4-A354-4C83-810C-F22C713A45EE}.Debug|Any CPU.Build.0 = Debug|Any CPU
		{AB2BC3B4-A354-4C83-810C-F22C713A45EE}.Release|Any CPU.ActiveCfg = Release|Any CPU
		{AB2BC3B4-A354-4C83-810C-F22C713A45EE}.Release|Any CPU.Build.0 = Release|Any CPU
	EndGlobalSection
	GlobalSection(SolutionProperties) = preSolution
		HideSolutionNode = FALSE
	EndGlobalSection
	GlobalSection(ExtensibilityGlobals) = postSolution
		SolutionGuid = {15C53AEE-6677-49F4-9673-296C493F264E}
	EndGlobalSection
EndGlobal
